
Microsoft Visual Studio Solution File, Format Version 12.00
# Visual Studio Version 17
VisualStudioVersion = 17.13.35818.85
MinimumVisualStudioVersion = 10.0.40219.1
Project("{FAE04EC0-301F-11D3-BF4B-00C04F79EFBC}") = "01_MainSubjects", "01_MainSubjects\01_MainSubjects.csproj", "{FBB3E6D6-E950-4E6E-816F-4640A5CF0AB7}"
EndProject
Project("{FAE04EC0-301F-11D3-BF4B-00C04F79EFBC}") = "02_Variables", "02_Variables\02_Variables.csproj", "{FCCF70AF-263B-4C36-AB66-F1364CF3306B}"
EndProject
Project("{FAE04EC0-301F-11D3-BF4B-00C04F79EFBC}") = "03_MakingDecision", "03_MakingDecision\03_MakingDecision.csproj", "{0281C78D-C2D0-4824-B31B-035454E35660}"
EndProject
Project("{FAE04EC0-301F-11D3-BF4B-00C04F79EFBC}") = "04_Loops", "04_Loops\04_Loops.csproj", "{6E224A73-E89B-4042-BF00-2A45A272147A}"
EndProject
Project("{FAE04EC0-301F-11D3-BF4B-00C04F79EFBC}") = "05_LoopsWithStars", "05_LoopsWithStars\05_LoopsWithStars.csproj", "{17CC1658-E89E-472F-8F03-992D90CE90DB}"
EndProject
Project("{FAE04EC0-301F-11D3-BF4B-00C04F79EFBC}") = "06_Arrays", "06_Arrays\06_Arrays.csproj", "{0C495529-D0F4-451F-A0C6-1CAB874393CB}"
EndProject
Project("{FAE04EC0-301F-11D3-BF4B-00C04F79EFBC}") = "07_ForeachLoop", "07_ForeachLoop\07_ForeachLoop.csproj", "{EED3CA69-617C-4D0C-925E-3C97D337DD02}"
EndProject
Project("{FAE04EC0-301F-11D3-BF4B-00C04F79EFBC}") = "08_Methods", "08_Methods\08_Methods.csproj", "{59771270-E1A6-4715-A9EA-9F868D79A66B}"
EndProject
Project("{FAE04EC0-301F-11D3-BF4B-00C04F79EFBC}") = "09_DatabaseProject", "09_DatabaseProject\09_DatabaseProject.csproj", "{4520EEFA-C5DD-4725-8EB1-CD891FD63C39}"
EndProject
Project("{FAE04EC0-301F-11D3-BF4B-00C04F79EFBC}") = "10_DatabaseCrud", "10_DatabaseCrud\10_DatabaseCrud.csproj", "{5E3EB88E-893F-4DC5-A8E1-8F71A923723C}"
EndProject
Global
	GlobalSection(SolutionConfigurationPlatforms) = preSolution
		Debug|Any CPU = Debug|Any CPU
		Release|Any CPU = Release|Any CPU
	EndGlobalSection
	GlobalSection(ProjectConfigurationPlatforms) = postSolution
		{FBB3E6D6-E950-4E6E-816F-4640A5CF0AB7}.Debug|Any CPU.ActiveCfg = Debug|Any CPU
		{FBB3E6D6-E950-4E6E-816F-4640A5CF0AB7}.Debug|Any CPU.Build.0 = Debug|Any CPU
		{FBB3E6D6-E950-4E6E-816F-4640A5CF0AB7}.Release|Any CPU.ActiveCfg = Release|Any CPU
		{FBB3E6D6-E950-4E6E-816F-4640A5CF0AB7}.Release|Any CPU.Build.0 = Release|Any CPU
		{FCCF70AF-263B-4C36-AB66-F1364CF3306B}.Debug|Any CPU.ActiveCfg = Debug|Any CPU
		{FCCF70AF-263B-4C36-AB66-F1364CF3306B}.Debug|Any CPU.Build.0 = Debug|Any CPU
		{FCCF70AF-263B-4C36-AB66-F1364CF3306B}.Release|Any CPU.ActiveCfg = Release|Any CPU
		{FCCF70AF-263B-4C36-AB66-F1364CF3306B}.Release|Any CPU.Build.0 = Release|Any CPU
		{0281C78D-C2D0-4824-B31B-035454E35660}.Debug|Any CPU.ActiveCfg = Debug|Any CPU
		{0281C78D-C2D0-4824-B31B-035454E35660}.Debug|Any CPU.Build.0 = Debug|Any CPU
		{0281C78D-C2D0-4824-B31B-035454E35660}.Release|Any CPU.ActiveCfg = Release|Any CPU
		{0281C78D-C2D0-4824-B31B-035454E35660}.Release|Any CPU.Build.0 = Release|Any CPU
		{6E224A73-E89B-4042-BF00-2A45A272147A}.Debug|Any CPU.ActiveCfg = Debug|Any CPU
		{6E224A73-E89B-4042-BF00-2A45A272147A}.Debug|Any CPU.Build.0 = Debug|Any CPU
		{6E224A73-E89B-4042-BF00-2A45A272147A}.Release|Any CPU.ActiveCfg = Release|Any CPU
		{6E224A73-E89B-4042-BF00-2A45A272147A}.Release|Any CPU.Build.0 = Release|Any CPU
		{17CC1658-E89E-472F-8F03-992D90CE90DB}.Debug|Any CPU.ActiveCfg = Debug|Any CPU
		{17CC1658-E89E-472F-8F03-992D90CE90DB}.Debug|Any CPU.Build.0 = Debug|Any CPU
		{17CC1658-E89E-472F-8F03-992D90CE90DB}.Release|Any CPU.ActiveCfg = Release|Any CPU
		{17CC1658-E89E-472F-8F03-992D90CE90DB}.Release|Any CPU.Build.0 = Release|Any CPU
		{0C495529-D0F4-451F-A0C6-1CAB874393CB}.Debug|Any CPU.ActiveCfg = Debug|Any CPU
		{0C495529-D0F4-451F-A0C6-1CAB874393CB}.Debug|Any CPU.Build.0 = Debug|Any CPU
		{0C495529-D0F4-451F-A0C6-1CAB874393CB}.Release|Any CPU.ActiveCfg = Release|Any CPU
		{0C495529-D0F4-451F-A0C6-1CAB874393CB}.Release|Any CPU.Build.0 = Release|Any CPU
		{EED3CA69-617C-4D0C-925E-3C97D337DD02}.Debug|Any CPU.ActiveCfg = Debug|Any CPU
		{EED3CA69-617C-4D0C-925E-3C97D337DD02}.Debug|Any CPU.Build.0 = Debug|Any CPU
		{EED3CA69-617C-4D0C-925E-3C97D337DD02}.Release|Any CPU.ActiveCfg = Release|Any CPU
		{EED3CA69-617C-4D0C-925E-3C97D337DD02}.Release|Any CPU.Build.0 = Release|Any CPU
		{59771270-E1A6-4715-A9EA-9F868D79A66B}.Debug|Any CPU.ActiveCfg = Debug|Any CPU
		{59771270-E1A6-4715-A9EA-9F868D79A66B}.Debug|Any CPU.Build.0 = Debug|Any CPU
		{59771270-E1A6-4715-A9EA-9F868D79A66B}.Release|Any CPU.ActiveCfg = Release|Any CPU
		{59771270-E1A6-4715-A9EA-9F868D79A66B}.Release|Any CPU.Build.0 = Release|Any CPU
		{4520EEFA-C5DD-4725-8EB1-CD891FD63C39}.Debug|Any CPU.ActiveCfg = Debug|Any CPU
		{4520EEFA-C5DD-4725-8EB1-CD891FD63C39}.Debug|Any CPU.Build.0 = Debug|Any CPU
		{4520EEFA-C5DD-4725-8EB1-CD891FD63C39}.Release|Any CPU.ActiveCfg = Release|Any CPU
		{4520EEFA-C5DD-4725-8EB1-CD891FD63C39}.Release|Any CPU.Build.0 = Release|Any CPU
		{5E3EB88E-893F-4DC5-A8E1-8F71A923723C}.Debug|Any CPU.ActiveCfg = Debug|Any CPU
		{5E3EB88E-893F-4DC5-A8E1-8F71A923723C}.Debug|Any CPU.Build.0 = Debug|Any CPU
		{5E3EB88E-893F-4DC5-A8E1-8F71A923723C}.Release|Any CPU.ActiveCfg = Release|Any CPU
		{5E3EB88E-893F-4DC5-A8E1-8F71A923723C}.Release|Any CPU.Build.0 = Release|Any CPU
	EndGlobalSection
	GlobalSection(SolutionProperties) = preSolution
		HideSolutionNode = FALSE
	EndGlobalSection
	GlobalSection(ExtensibilityGlobals) = postSolution
		SolutionGuid = {EF5842EE-07A9-403B-AB23-D19F9D287E3C}
	EndGlobalSection
EndGlobal
